{
  "name": "capi-node-example",
  "lockfileVersion": 3,
  "requires": true,
  "packages": {
    "": {
      "name": "capi-node-example",
      "dependencies": {
        "@capi/polkadot": "https://capi.dev/@v0.1.0-gamma.1/305a7fc0816e8e29/polkadot.tar",
        "@capi/polkadot-dev": "https://capi.dev/@v0.1.0-gamma.1/305a7fc0816e8e29/polkadot-dev.tar",
        "capi": "0.1.0-gamma.1"
      },
      "devDependencies": {
        "ts-node": "^10.9.1",
        "typescript-transpile-only": "^0.0.4"
      }
    },
    "node_modules/@capi/collectives": {
      "name": "collectives",
      "version": "v0.0.0-TODO",
      "resolved": "https://capi.dev/@v0.1.0-gamma.1/ed956cd5bde67584/collectives.tar",
      "integrity": "sha512-Fea8XC6o5m7NYaYsjGU9sqDaPT06h6MjSDhBKbevwJSOCFIpvcPHOh0jt+L7V6SGQ7OXBaeN3cERuza+cKVdcQ==",
      "peerDependencies": {
        "capi": "*"
      }
    },
    "node_modules/@capi/contracts-dev": {
      "name": "contracts-dev",
      "version": "v0.0.0-TODO",
      "resolved": "https://capi.dev/@v0.1.0-gamma.1/ed956cd5bde67584/contracts-dev.tar",
      "integrity": "sha512-29JZXZSKDA56XCUC8Xiy7lLPEuEx16RLIZ/cXeuoJsy53kbf0r3yo5AMzxG7776NF/9NibEqysnwYXfupuiuBw==",
      "peerDependencies": {
        "capi": "*"
      }
    },
    "node_modules/@capi/polkadot": {
      "name": "polkadot",
      "version": "v0.0.0-TODO",
      "resolved": "https://capi.dev/@v0.1.0-gamma.1/305a7fc0816e8e29/polkadot.tar",
      "integrity": "sha512-prP7VRwpAb8mMgB2QHshohUn/uwJMmORm1GDpAgprtV9y8gNpZeVl7VqUEPpRW8de9Xo23CCcIh3x4ojG/m/8Q==",
      "peerDependencies": {
        "capi": "*"
      }
    },
    "node_modules/@capi/polkadot-dev": {
      "name": "polkadot-dev",
      "version": "v0.0.0-TODO",
      "resolved": "https://capi.dev/@v0.1.0-gamma.1/305a7fc0816e8e29/polkadot-dev.tar",
      "integrity": "sha512-HQugZT9vpYahIEF3+/BSudEv4KMFGEwQC0YL/mmgn89gSVBs0YhBbCLj7D++YTMAFORn3kvGgnRBoPRSZS+JoA==",
      "peerDependencies": {
        "capi": "*"
      }
    },
    "node_modules/@capi/rococo-dev": {
      "name": "rococo-dev",
      "version": "v0.0.0-TODO",
      "resolved": "https://capi.dev/@v0.1.0-gamma.1/ed956cd5bde67584/rococo-dev.tar",
      "integrity": "sha512-EX4ay0jgsLiJxSOuKps+7mUDBxxvHHeKGQfRPn4oNfw7LmJSyql2vliXsUaT7K4ysbGdiGzm8jWtfpN0glewLg==",
      "peerDependencies": {
        "capi": "*"
      }
    },
    "node_modules/@capi/rococo-dev-contracts": {
      "name": "rococo-dev-contracts",
      "version": "v0.0.0-TODO",
      "resolved": "https://capi.dev/@v0.1.0-gamma.1/ed956cd5bde67584/rococo-dev-contracts.tar",
      "integrity": "sha512-+w3A5S0uTOztmPhu5MvekBIGKq6Xj+7LhGX2d4yGWj94hrJ0Z3A0KywkTdkvAaZ2yylBQhHhgitnxIts2M/cGA==",
      "peerDependencies": {
        "capi": "*"
      }
    },
    "node_modules/@capi/rococo-dev-westmint": {
      "name": "rococo-dev-westmint",
      "version": "v0.0.0-TODO",
      "resolved": "https://capi.dev/@v0.1.0-gamma.1/ed956cd5bde67584/rococo-dev-westmint.tar",
      "integrity": "sha512-yLZ+V0Ou9Baswu2arGQl3CIdzLlEIZxEFxRmzyV/ukyXo/DY//YCCDwejJkd8HGCZGIiygsCwlIVKHDLKPW7sQ==",
      "peerDependencies": {
        "capi": "*"
      }
    },
    "node_modules/@capi/rococo-dev-xcm": {
      "name": "rococo-dev-xcm",
      "version": "v0.0.0-TODO",
      "resolved": "https://capi.dev/@v0.1.0-gamma.1/ed956cd5bde67584/rococo-dev-xcm.tar",
      "integrity": "sha512-YCSVRkESDNK6O0sYwclnu7vXa0Wv9khIlKEfGQmtnFHCIoH4v2/WGJ/800eGKj/3IIBM66/3XsbI/m+8c3ddpQ==",
      "peerDependencies": {
        "capi": "*"
      }
    },
    "node_modules/@capi/rococo-dev-xcm-statemine": {
      "name": "rococo-dev-xcm-statemine",
      "version": "v0.0.0-TODO",
      "resolved": "https://capi.dev/@v0.1.0-gamma.1/ed956cd5bde67584/rococo-dev-xcm-statemine.tar",
      "integrity": "sha512-/Zmse1ho6yzxMZacXWzeLbd0HI0EVO+GWBx12ZndFO6O7mbV/FF4xx1fIXYdTCHybuk/bN6JFA7Wk/N/4ru95A==",
      "peerDependencies": {
        "capi": "*"
      }
    },
    "node_modules/@capi/rococo-dev-xcm-trappist": {
      "name": "rococo-dev-xcm-trappist",
      "version": "v0.0.0-TODO",
      "resolved": "https://capi.dev/@v0.1.0-gamma.1/ed956cd5bde67584/rococo-dev-xcm-trappist.tar",
      "integrity": "sha512-Dp47X/N+DAYRnpO8Sy2cSazsVC4/QlU8cwDzOtOVkniJLU7L/tvakPCXSldFLFBWV4HMcfX0NQhbyv3cht5IFA==",
      "peerDependencies": {
        "capi": "*"
      }
    },
    "node_modules/@capi/statemint": {
      "name": "statemint",
      "version": "v0.0.0-TODO",
      "resolved": "https://capi.dev/@v0.1.0-gamma.1/ed956cd5bde67584/statemint.tar",
      "integrity": "sha512-7S44eVoUlVQRA8cZT4rXheoCi4PCAyMLFF/XZDudGHSLcECbS+jvqj7G8wf2oM+6nFM1pHkpwG8yIOFPlkWuew==",
      "peerDependencies": {
        "capi": "*"
      }
    },
    "node_modules/@capi/westend": {
      "name": "westend",
      "version": "v0.0.0-TODO",
      "resolved": "https://capi.dev/@v0.1.0-gamma.1/ed956cd5bde67584/westend.tar",
      "integrity": "sha512-OVwDp46Ve10bqQzO3lhx0/66j7BogfymT7gh4Ty5Ym8AyR9md35c9CIQL0Z86yB8lxj1dnxYwc7QHpayygXbxw==",
      "peerDependencies": {
        "capi": "*"
      }
    },
    "node_modules/@capi/westend-dev": {
      "name": "westend-dev",
      "version": "v0.0.0-TODO",
      "resolved": "https://capi.dev/@v0.1.0-gamma.1/ed956cd5bde67584/westend-dev.tar",
      "integrity": "sha512-vxtq7E0aqygkUWNUHsDiYD1cW+JDcFneDLLxi3+z9HjeN5diaEe3ANHu73diHWn2aGlLR+Y1rhyaXkRLRsuh2Q==",
      "peerDependencies": {
        "capi": "*"
      }
    },
    "node_modules/@cspotcode/source-map-support": {
      "version": "0.8.1",
      "resolved": "https://registry.npmjs.org/@cspotcode/source-map-support/-/source-map-support-0.8.1.tgz",
      "integrity": "sha512-IchNf6dN4tHoMFIn/7OE8LWZ19Y6q/67Bmf6vnGREv8RSbBVb9LPJxEcnwrcwX6ixSvaiGoomAUvu4YSxXrVgw==",
      "dependencies": {
        "@jridgewell/trace-mapping": "0.3.9"
      },
      "engines": {
        "node": ">=12"
      }
    },
    "node_modules/@deno/shim-deno": {
      "version": "0.16.1",
      "resolved": "https://registry.npmjs.org/@deno/shim-deno/-/shim-deno-0.16.1.tgz",
      "integrity": "sha512-s9v0kzF5bm/o9TgdwvsraHx6QNllYrXXmKzgOG2lh4LFXnVMr2gpjK/c/ve6EflQn1MqImcWmVD8HAv5ahuuZQ==",
      "dependencies": {
        "@deno/shim-deno-test": "^0.4.0",
        "which": "^2.0.2"
      }
    },
    "node_modules/@deno/shim-deno-test": {
      "version": "0.4.0",
      "resolved": "https://registry.npmjs.org/@deno/shim-deno-test/-/shim-deno-test-0.4.0.tgz",
      "integrity": "sha512-oYWcD7CpERZy/TXMTM9Tgh1HD/POHlbY9WpzmAk+5H8DohcxG415Qws8yLGlim3EaKBT2v3lJv01x4G0BosnaQ=="
    },
    "node_modules/@jridgewell/resolve-uri": {
      "version": "3.1.1",
      "resolved": "https://registry.npmjs.org/@jridgewell/resolve-uri/-/resolve-uri-3.1.1.tgz",
      "integrity": "sha512-dSYZh7HhCDtCKm4QakX0xFpsRDqjjtZf/kjI/v3T3Nwt5r8/qz/M19F9ySyOqU94SXBmeG9ttTul+YnR4LOxFA==",
      "engines": {
        "node": ">=6.0.0"
      }
    },
    "node_modules/@jridgewell/sourcemap-codec": {
      "version": "1.4.15",
      "resolved": "https://registry.npmjs.org/@jridgewell/sourcemap-codec/-/sourcemap-codec-1.4.15.tgz",
      "integrity": "sha512-eF2rxCRulEKXHTRiDrDy6erMYWqNw4LPdQ8UQA4huuxaQsVeRPFl2oM8oDGxMFhJUWZf9McpLtJasDDZb/Bpeg=="
    },
    "node_modules/@jridgewell/trace-mapping": {
      "version": "0.3.9",
      "resolved": "https://registry.npmjs.org/@jridgewell/trace-mapping/-/trace-mapping-0.3.9.tgz",
      "integrity": "sha512-3Belt6tdc8bPgAtbcmdtNJlirVoTmEb5e2gC94PnkwEW9jI6CAHUeoG85tjWP5WquqfavoMtMwiG4P926ZKKuQ==",
      "dependencies": {
        "@jridgewell/resolve-uri": "^3.0.3",
        "@jridgewell/sourcemap-codec": "^1.4.10"
      }
    },
    "node_modules/@tsconfig/node10": {
      "version": "1.0.9",
      "resolved": "https://registry.npmjs.org/@tsconfig/node10/-/node10-1.0.9.tgz",
      "integrity": "sha512-jNsYVVxU8v5g43Erja32laIDHXeoNvFEpX33OK4d6hljo3jDhCBDhx5dhCCTMWUojscpAagGiRkBKxpdl9fxqA=="
    },
    "node_modules/@tsconfig/node12": {
      "version": "1.0.11",
      "resolved": "https://registry.npmjs.org/@tsconfig/node12/-/node12-1.0.11.tgz",
      "integrity": "sha512-cqefuRsh12pWyGsIoBKJA9luFu3mRxCA+ORZvA4ktLSzIuCUtWVxGIuXigEwO5/ywWFMZ2QEGKWvkZG1zDMTag=="
    },
    "node_modules/@tsconfig/node14": {
      "version": "1.0.3",
      "resolved": "https://registry.npmjs.org/@tsconfig/node14/-/node14-1.0.3.tgz",
      "integrity": "sha512-ysT8mhdixWK6Hw3i1V2AeRqZ5WfXg1G43mqoYlM2nc6388Fq5jcXyr5mRsqViLx/GJYdoL0bfXD8nmF+Zn/Iow=="
    },
    "node_modules/@tsconfig/node16": {
      "version": "1.0.3",
      "resolved": "https://registry.npmjs.org/@tsconfig/node16/-/node16-1.0.3.tgz",
      "integrity": "sha512-yOlFc+7UtL/89t2ZhjPvvB/DeAr3r+Dq58IgzsFkOAvVC6NMJXmCGjbptdXdR9qsX7pKcTL+s87FtYREi2dEEQ=="
    },
    "node_modules/@types/node": {
      "version": "18.15.11",
      "resolved": "https://registry.npmjs.org/@types/node/-/node-18.15.11.tgz",
      "integrity": "sha512-E5Kwq2n4SbMzQOn6wnmBjuK9ouqlURrcZDVfbo9ftDDTFt3nk7ZKK4GMOzoYgnpQJKcxwQw+lGaBvvlMo0qN/Q==",
      "peer": true
    },
    "node_modules/acorn": {
      "version": "8.8.2",
      "resolved": "https://registry.npmjs.org/acorn/-/acorn-8.8.2.tgz",
      "integrity": "sha512-xjIYgE8HBrkpd/sJqOGNspf8uHG+NOHGOw6a/Urj8taM2EXfdNAH2oFcPeIFfsv3+kz/mJrS5VuMqbNLjCa2vw==",
      "bin": {
        "acorn": "bin/acorn"
      },
      "engines": {
        "node": ">=0.4.0"
      }
    },
    "node_modules/acorn-walk": {
      "version": "8.2.0",
      "resolved": "https://registry.npmjs.org/acorn-walk/-/acorn-walk-8.2.0.tgz",
      "integrity": "sha512-k+iyHEuPgSw6SbuDpGQM+06HQUa04DZ3o+F6CSzXMvvI5KMvnaEqXe+YVe555R9nn6GPt404fos4wcgpw12SDA==",
      "engines": {
        "node": ">=0.4.0"
      }
    },
    "node_modules/arg": {
      "version": "4.1.3",
      "resolved": "https://registry.npmjs.org/arg/-/arg-4.1.3.tgz",
      "integrity": "sha512-58S9QDqG0Xx27YwPSt9fJxivjYl432YCwfDMfZ+71RAqUrZef7LrKQZ3LHLOwCS4FLNBplP533Zx895SeOCHvA=="
    },
    "node_modules/capi": {
      "version": "0.1.0-gamma.1",
      "resolved": "https://registry.npmjs.org/capi/-/capi-0.1.0-gamma.1.tgz",
      "integrity": "sha512-d1NiNc/h4ttMQ/O5MbMRjn1QmmxvXKUxbk5yuuABV/N+sdd17m1KKWfvxMCHqERWIahzPR+a8DTYb3cBwCVbnw==",
      "dependencies": {
        "@capi/collectives": "https://capi.dev/@v0.1.0-gamma.1/ed956cd5bde67584/collectives.tar",
        "@capi/contracts-dev": "https://capi.dev/@v0.1.0-gamma.1/ed956cd5bde67584/contracts-dev.tar",
        "@capi/polkadot": "https://capi.dev/@v0.1.0-gamma.1/ed956cd5bde67584/polkadot.tar",
        "@capi/polkadot-dev": "https://capi.dev/@v0.1.0-gamma.1/ed956cd5bde67584/polkadot-dev.tar",
        "@capi/rococo-dev": "https://capi.dev/@v0.1.0-gamma.1/ed956cd5bde67584/rococo-dev.tar",
        "@capi/rococo-dev-contracts": "https://capi.dev/@v0.1.0-gamma.1/ed956cd5bde67584/rococo-dev-contracts.tar",
        "@capi/rococo-dev-westmint": "https://capi.dev/@v0.1.0-gamma.1/ed956cd5bde67584/rococo-dev-westmint.tar",
        "@capi/rococo-dev-xcm": "https://capi.dev/@v0.1.0-gamma.1/ed956cd5bde67584/rococo-dev-xcm.tar",
        "@capi/rococo-dev-xcm-statemine": "https://capi.dev/@v0.1.0-gamma.1/ed956cd5bde67584/rococo-dev-xcm-statemine.tar",
        "@capi/rococo-dev-xcm-trappist": "https://capi.dev/@v0.1.0-gamma.1/ed956cd5bde67584/rococo-dev-xcm-trappist.tar",
        "@capi/statemint": "https://capi.dev/@v0.1.0-gamma.1/ed956cd5bde67584/statemint.tar",
        "@capi/westend": "https://capi.dev/@v0.1.0-gamma.1/ed956cd5bde67584/westend.tar",
        "@capi/westend-dev": "https://capi.dev/@v0.1.0-gamma.1/ed956cd5bde67584/westend-dev.tar",
        "@deno/shim-deno": "~0.16.1",
        "isomorphic-ws": "5.0.0",
        "scale-codec": "0.12.2",
        "smoldot": "1.0.6",
        "ts-node": "^10.9.1",
        "tslib": "^2.4.1",
        "wat-the-crypto": "0.0.3",
        "ws": "8.13.0"
      },
      "bin": {
        "capi": "esm/main.js"
      }
    },
    "node_modules/capi/node_modules/@capi/polkadot": {
      "name": "polkadot",
      "version": "v0.0.0-TODO",
      "resolved": "https://capi.dev/@v0.1.0-gamma.1/ed956cd5bde67584/polkadot.tar",
      "integrity": "sha512-88fr4VtVoQRBAwq/zrv2wnglWOhScv5WFsI25BtFbRatMR6fTgEMaAwyxaVPW292guDsYachK5Wnjvw+qSOHNw==",
      "peerDependencies": {
        "capi": "*"
      }
    },
    "node_modules/capi/node_modules/@capi/polkadot-dev": {
      "name": "polkadot-dev",
      "version": "v0.0.0-TODO",
      "resolved": "https://capi.dev/@v0.1.0-gamma.1/ed956cd5bde67584/polkadot-dev.tar",
      "integrity": "sha512-lDNGW+YNQFFzarKiBL+Zud7Cq/64wR5QSdhaEA48mtS1iwpgRfv/3FAs0RSTfwLnvz+rqYXgT5H8YKa3cI508g==",
      "peerDependencies": {
        "capi": "*"
      }
    },
    "node_modules/create-require": {
      "version": "1.1.1",
      "resolved": "https://registry.npmjs.org/create-require/-/create-require-1.1.1.tgz",
      "integrity": "sha512-dcKFX3jn0MpIaXjisoRvexIJVEKzaq7z2rZKxf+MSr9TkdmHmsU4m2lcLojrj/FHl8mk5VxMmYA+ftRkP/3oKQ=="
    },
    "node_modules/diff": {
      "version": "4.0.2",
      "resolved": "https://registry.npmjs.org/diff/-/diff-4.0.2.tgz",
      "integrity": "sha512-58lmxKSA4BNyLz+HHMUzlOEpg09FV+ev6ZMe3vJihgdxzgcwZ8VoEEPmALCZG9LmqfVoNMMKpttIYTVG6uDY7A==",
      "engines": {
        "node": ">=0.3.1"
      }
    },
    "node_modules/isexe": {
      "version": "2.0.0",
      "resolved": "https://registry.npmjs.org/isexe/-/isexe-2.0.0.tgz",
      "integrity": "sha512-RHxMLp9lnKHGHRng9QFhRCMbYAcVpn69smSGcq3f36xjgVVWThj4qqLbTLlq7Ssj8B+fIQ1EuCEGI2lKsyQeIw=="
    },
    "node_modules/isomorphic-ws": {
      "version": "5.0.0",
      "resolved": "https://registry.npmjs.org/isomorphic-ws/-/isomorphic-ws-5.0.0.tgz",
      "integrity": "sha512-muId7Zzn9ywDsyXgTIafTry2sV3nySZeUDe6YedVd1Hvuuep5AsIlqK+XefWpYTyJG5e503F2xIuT2lcU6rCSw==",
      "peerDependencies": {
        "ws": "*"
      }
    },
    "node_modules/make-error": {
      "version": "1.3.6",
      "resolved": "https://registry.npmjs.org/make-error/-/make-error-1.3.6.tgz",
      "integrity": "sha512-s8UhlNe7vPKomQhC1qFelMokr/Sc3AgNbso3n74mVPA5LTZwkB9NlXf4XPamLxJE8h0gh73rM94xvwRT2CVInw=="
    },
    "node_modules/pako": {
      "version": "2.1.0",
      "resolved": "https://registry.npmjs.org/pako/-/pako-2.1.0.tgz",
      "integrity": "sha512-w+eufiZ1WuJYgPXbV/PO3NCMEc3xqylkKHzp8bxp1uW4qaSNQUkwmLLEc3kKsfz8lpV1F8Ht3U1Cm+9Srog2ug=="
    },
    "node_modules/scale-codec": {
      "version": "0.12.2",
      "resolved": "https://registry.npmjs.org/scale-codec/-/scale-codec-0.12.2.tgz",
      "integrity": "sha512-HCZIusTOu8JNTYQZjwyZqG958LjiFZA56Osr4AGXw8h9/QabKiSufdflAdHUoNrdx0iHjSpwGqj+qAEtpmma5w=="
    },
    "node_modules/smoldot": {
      "version": "1.0.6",
      "resolved": "https://registry.npmjs.org/smoldot/-/smoldot-1.0.6.tgz",
      "integrity": "sha512-eooOKiJJax2frJOFi9gROemQFAJqVa975KZnDeImfFXe2b+odI4IYf0I4NI0c1vOdcM7xUWBOxYeAIVQQILa7w==",
      "dependencies": {
        "pako": "^2.0.4",
        "ws": "^8.8.1"
      }
    },
    "node_modules/ts-node": {
      "version": "10.9.1",
      "resolved": "https://registry.npmjs.org/ts-node/-/ts-node-10.9.1.tgz",
      "integrity": "sha512-NtVysVPkxxrwFGUUxGYhfux8k78pQB3JqYBXlLRZgdGUqTO5wU/UyHop5p70iEbGhB7q5KmiZiU0Y3KlJrScEw==",
      "dependencies": {
        "@cspotcode/source-map-support": "^0.8.0",
        "@tsconfig/node10": "^1.0.7",
        "@tsconfig/node12": "^1.0.7",
        "@tsconfig/node14": "^1.0.0",
        "@tsconfig/node16": "^1.0.2",
        "acorn": "^8.4.1",
        "acorn-walk": "^8.1.1",
        "arg": "^4.1.0",
        "create-require": "^1.1.0",
        "diff": "^4.0.1",
        "make-error": "^1.1.1",
        "v8-compile-cache-lib": "^3.0.1",
        "yn": "3.1.1"
      },
      "bin": {
        "ts-node": "dist/bin.js",
        "ts-node-cwd": "dist/bin-cwd.js",
        "ts-node-esm": "dist/bin-esm.js",
        "ts-node-script": "dist/bin-script.js",
        "ts-node-transpile-only": "dist/bin-transpile.js",
        "ts-script": "dist/bin-script-deprecated.js"
      },
      "peerDependencies": {
        "@swc/core": ">=1.2.50",
        "@swc/wasm": ">=1.2.50",
        "@types/node": "*",
        "typescript": ">=2.7"
      },
      "peerDependenciesMeta": {
        "@swc/core": {
          "optional": true
        },
        "@swc/wasm": {
          "optional": true
        }
      }
    },
    "node_modules/tslib": {
      "version": "2.5.0",
      "resolved": "https://registry.npmjs.org/tslib/-/tslib-2.5.0.tgz",
      "integrity": "sha512-336iVw3rtn2BUK7ORdIAHTyxHGRIHVReokCR3XjbckJMK7ms8FysBfhLR8IXnAgy7T0PTPNBWKiH514FOW/WSg=="
    },
    "node_modules/typescript": {
      "version": "5.0.4",
      "resolved": "https://registry.npmjs.org/typescript/-/typescript-5.0.4.tgz",
      "integrity": "sha512-cW9T5W9xY37cc+jfEnaUvX91foxtHkza3Nw3wkoF4sSlKn0MONdkdEndig/qPBWXNkmplh3NzayQzCiHM4/hqw==",
      "peer": true,
      "bin": {
        "tsc": "bin/tsc",
        "tsserver": "bin/tsserver"
      },
      "engines": {
        "node": ">=12.20"
      }
    },
    "node_modules/typescript-transpile-only": {
      "version": "0.0.4",
      "resolved": "https://registry.npmjs.org/typescript-transpile-only/-/typescript-transpile-only-0.0.4.tgz",
      "integrity": "sha512-iRNrUzeUZPra6lwEiHwobrKS77Lc3W6/dlngW2G4FA1SWuSyrc1LiZtsHcS4JQO7L/3oiiMbouXr1UPZtWroag==",
      "dev": true,
      "dependencies": {
        "tslib": "^1.9.3"
      },
      "bin": {
        "tsc-transpile-only": "out/tsc-transpile-only.js"
      },
      "peerDependencies": {
        "typescript": "*"
      }
    },
    "node_modules/typescript-transpile-only/node_modules/tslib": {
      "version": "1.14.1",
      "resolved": "https://registry.npmjs.org/tslib/-/tslib-1.14.1.tgz",
      "integrity": "sha512-Xni35NKzjgMrwevysHTCArtLDpPvye8zV/0E4EyYn43P7/7qvQwPh9BGkHewbMulVntbigmcT7rdX3BNo9wRJg==",
      "dev": true
    },
    "node_modules/v8-compile-cache-lib": {
      "version": "3.0.1",
      "resolved": "https://registry.npmjs.org/v8-compile-cache-lib/-/v8-compile-cache-lib-3.0.1.tgz",
      "integrity": "sha512-wa7YjyUGfNZngI/vtK0UHAN+lgDCxBPCylVXGp0zu59Fz5aiGtNXaq3DhIov063MorB+VfufLh3JlF2KdTK3xg=="
    },
    "node_modules/wat-the-crypto": {
      "version": "0.0.3",
      "resolved": "https://registry.npmjs.org/wat-the-crypto/-/wat-the-crypto-0.0.3.tgz",
      "integrity": "sha512-Ob4HtNrDNUnk20CKZKBPaawn5R8wGqFhv1+RH/v3ypFyi0GnB1YE0xwrvW1JQwzoUHmcQh26tiO4seF4Qvy3Kw=="
    },
    "node_modules/which": {
      "version": "2.0.2",
      "resolved": "https://registry.npmjs.org/which/-/which-2.0.2.tgz",
      "integrity": "sha512-BLI3Tl1TW3Pvl70l3yq3Y64i+awpwXqsGBYWkkqMtnbXgrMD+yj7rhW0kuEDxzJaYXGjEW5ogapKNMEKNMjibA==",
      "dependencies": {
        "isexe": "^2.0.0"
      },
      "bin": {
        "node-which": "bin/node-which"
      },
      "engines": {
        "node": ">= 8"
      }
    },
    "node_modules/ws": {
      "version": "8.13.0",
      "resolved": "https://registry.npmjs.org/ws/-/ws-8.13.0.tgz",
      "integrity": "sha512-x9vcZYTrFPC7aSIbj7sRCYo7L/Xb8Iy+pW0ng0wt2vCJv7M9HOMy0UoN3rr+IFC7hb7vXoqS+P9ktyLLLhO+LA==",
      "engines": {
        "node": ">=10.0.0"
      },
      "peerDependencies": {
        "bufferutil": "^4.0.1",
        "utf-8-validate": ">=5.0.2"
      },
      "peerDependenciesMeta": {
        "bufferutil": {
          "optional": true
        },
        "utf-8-validate": {
          "optional": true
        }
      }
    },
    "node_modules/yn": {
      "version": "3.1.1",
      "resolved": "https://registry.npmjs.org/yn/-/yn-3.1.1.tgz",
      "integrity": "sha512-Ux4ygGWsu2c7isFWe8Yu1YluJmqVhxqK2cLXNQA5AcC3QfbGNpM7fu0Y8b/z16pXLnFxZYvWhd3fhBY9DLmC6Q==",
      "engines": {
        "node": ">=6"
      }
    }
  }
}
